
Microsoft Visual Studio Solution File, Format Version 12.00
# Visual Studio Version 17
VisualStudioVersion = 17.13.35919.96 d17.13
MinimumVisualStudioVersion = 10.0.40219.1
Project("{8BC9CEB8-8B4A-11D0-8D11-00A0C91BC942}") = "MSFSResetDLL", "MSFSResetDLL\MSFSResetDLL.vcxproj", "{3E381CA3-5747-42E4-A45C-E00E4AA8649A}"
EndProject
Global
	GlobalSection(SolutionConfigurationPlatforms) = preSolution
		Debug|x64 = Debug|x64
		Debug|x86 = Debug|x86
		Release|x64 = Release|x64
		Release|x86 = Release|x86
	EndGlobalSection
	GlobalSection(ProjectConfigurationPlatforms) = postSolution
		{3E381CA3-5747-42E4-A45C-E00E4AA8649A}.Debug|x64.ActiveCfg = Release|x64
		{3E381CA3-5747-42E4-A45C-E00E4AA8649A}.Debug|x64.Build.0 = Release|x64
		{3E381CA3-5747-42E4-A45C-E00E4AA8649A}.Debug|x86.ActiveCfg = Debug|Win32
		{3E381CA3-5747-42E4-A45C-E00E4AA8649A}.Debug|x86.Build.0 = Debug|Win32
		{3E381CA3-5747-42E4-A45C-E00E4AA8649A}.Release|x64.ActiveCfg = Release|x64
		{3E381CA3-5747-42E4-A45C-E00E4AA8649A}.Release|x64.Build.0 = Release|x64
		{3E381CA3-5747-42E4-A45C-E00E4AA8649A}.Release|x86.ActiveCfg = Release|Win32
		{3E381CA3-5747-42E4-A45C-E00E4AA8649A}.Release|x86.Build.0 = Release|Win32
	EndGlobalSection
	GlobalSection(SolutionProperties) = preSolution
		HideSolutionNode = FALSE
	EndGlobalSection
	GlobalSection(ExtensibilityGlobals) = postSolution
		SolutionGuid = {F73B7917-901E-46F5-8B61-3BCBFCD72061}
	EndGlobalSection
EndGlobal
